
Microsoft Visual Studio Solution File, Format Version 12.00
# Visual Studio Version 16
VisualStudioVersion = 16.0.30503.244
MinimumVisualStudioVersion = 10.0.40219.1
Project("{FAE04EC0-301F-11D3-BF4B-00C04F79EFBC}") = "DataAccess", "DataAccess\DataAccess.csproj", "{791BE4C8-B7F7-459C-A393-56C88617DA21}"
EndProject
Project("{FAE04EC0-301F-11D3-BF4B-00C04F79EFBC}") = "Business", "Business\Business.csproj", "{AC8F999E-AC55-4856-8EF3-7B25C810BA8F}"
EndProject
Project("{FAE04EC0-301F-11D3-BF4B-00C04F79EFBC}") = "Entities", "Entities\Entities.csproj", "{82FFFCB3-D9A5-4214-B8D4-45425E7CD20F}"
EndProject
Project("{FAE04EC0-301F-11D3-BF4B-00C04F79EFBC}") = "ConsoleUI", "ConsoleUI\ConsoleUI.csproj", "{DBBBD186-8C6D-466A-BB3F-6E26EE5C4BA3}"
EndProject
Global
	GlobalSection(SolutionConfigurationPlatforms) = preSolution
		Debug|Any CPU = Debug|Any CPU
		Release|Any CPU = Release|Any CPU
	EndGlobalSection
	GlobalSection(ProjectConfigurationPlatforms) = postSolution
		{791BE4C8-B7F7-459C-A393-56C88617DA21}.Debug|Any CPU.ActiveCfg = Debug|Any CPU
		{791BE4C8-B7F7-459C-A393-56C88617DA21}.Debug|Any CPU.Build.0 = Debug|Any CPU
		{791BE4C8-B7F7-459C-A393-56C88617DA21}.Release|Any CPU.ActiveCfg = Release|Any CPU
		{791BE4C8-B7F7-459C-A393-56C88617DA21}.Release|Any CPU.Build.0 = Release|Any CPU
		{AC8F999E-AC55-4856-8EF3-7B25C810BA8F}.Debug|Any CPU.ActiveCfg = Debug|Any CPU
		{AC8F999E-AC55-4856-8EF3-7B25C810BA8F}.Debug|Any CPU.Build.0 = Debug|Any CPU
		{AC8F999E-AC55-4856-8EF3-7B25C810BA8F}.Release|Any CPU.ActiveCfg = Release|Any CPU
		{AC8F999E-AC55-4856-8EF3-7B25C810BA8F}.Release|Any CPU.Build.0 = Release|Any CPU
		{82FFFCB3-D9A5-4214-B8D4-45425E7CD20F}.Debug|Any CPU.ActiveCfg = Debug|Any CPU
		{82FFFCB3-D9A5-4214-B8D4-45425E7CD20F}.Debug|Any CPU.Build.0 = Debug|Any CPU
		{82FFFCB3-D9A5-4214-B8D4-45425E7CD20F}.Release|Any CPU.ActiveCfg = Release|Any CPU
		{82FFFCB3-D9A5-4214-B8D4-45425E7CD20F}.Release|Any CPU.Build.0 = Release|Any CPU
		{DBBBD186-8C6D-466A-BB3F-6E26EE5C4BA3}.Debug|Any CPU.ActiveCfg = Debug|Any CPU
		{DBBBD186-8C6D-466A-BB3F-6E26EE5C4BA3}.Debug|Any CPU.Build.0 = Debug|Any CPU
		{DBBBD186-8C6D-466A-BB3F-6E26EE5C4BA3}.Release|Any CPU.ActiveCfg = Release|Any CPU
		{DBBBD186-8C6D-466A-BB3F-6E26EE5C4BA3}.Release|Any CPU.Build.0 = Release|Any CPU
	EndGlobalSection
	GlobalSection(SolutionProperties) = preSolution
		HideSolutionNode = FALSE
	EndGlobalSection
	GlobalSection(ExtensibilityGlobals) = postSolution
		SolutionGuid = {8F0C1611-C27C-4D7E-8EFA-23C6D06CFEE3}
	EndGlobalSection
EndGlobal
